
Microsoft Visual Studio Solution File, Format Version 12.00
Project("{FAE04EC0-301F-11D3-BF4B-00C04F79EFBC}") = "ProductOrder", "ProductOrder\ProductOrder.csproj", "{5E9C810B-289F-4200-8988-1280D5A82949}"
EndProject
Project("{FAE04EC0-301F-11D3-BF4B-00C04F79EFBC}") = "ProductOrderTest", "ProductOrderTest\ProductOrderTest.csproj", "{A5356AB5-80D7-4561-A7C6-DE5C4FBE28FA}"
EndProject
Global
	GlobalSection(SolutionConfigurationPlatforms) = preSolution
		Debug|Any CPU = Debug|Any CPU
		Release|Any CPU = Release|Any CPU
	EndGlobalSection
	GlobalSection(ProjectConfigurationPlatforms) = postSolution
		{5E9C810B-289F-4200-8988-1280D5A82949}.Debug|Any CPU.ActiveCfg = Debug|Any CPU
		{5E9C810B-289F-4200-8988-1280D5A82949}.Debug|Any CPU.Build.0 = Debug|Any CPU
		{5E9C810B-289F-4200-8988-1280D5A82949}.Release|Any CPU.ActiveCfg = Release|Any CPU
		{5E9C810B-289F-4200-8988-1280D5A82949}.Release|Any CPU.Build.0 = Release|Any CPU
		{A5356AB5-80D7-4561-A7C6-DE5C4FBE28FA}.Debug|Any CPU.ActiveCfg = Debug|Any CPU
		{A5356AB5-80D7-4561-A7C6-DE5C4FBE28FA}.Debug|Any CPU.Build.0 = Debug|Any CPU
		{A5356AB5-80D7-4561-A7C6-DE5C4FBE28FA}.Release|Any CPU.ActiveCfg = Release|Any CPU
		{A5356AB5-80D7-4561-A7C6-DE5C4FBE28FA}.Release|Any CPU.Build.0 = Release|Any CPU
	EndGlobalSection
EndGlobal
